
Microsoft Visual Studio Solution File, Format Version 12.00
# Visual Studio Version 17
VisualStudioVersion = 17.0.31903.59
MinimumVisualStudioVersion = 10.0.40219.1
Project("{FAE04EC0-301F-11D3-BF4B-00C04F79EFBC}") = "swchallenge1", "swchallenge1\swchallenge1.csproj", "{F68AFF19-7E20-4C3A-8EC7-A0DD50EC2508}"
EndProject
Project("{FAE04EC0-301F-11D3-BF4B-00C04F79EFBC}") = "swchallenge1test", "swchallenge1test\swchallenge1test.csproj", "{F3D22EC2-5785-485A-B3FB-56635560B1F0}"
EndProject
Global
	GlobalSection(SolutionConfigurationPlatforms) = preSolution
		Debug|Any CPU = Debug|Any CPU
		Release|Any CPU = Release|Any CPU
	EndGlobalSection
	GlobalSection(SolutionProperties) = preSolution
		HideSolutionNode = FALSE
	EndGlobalSection
	GlobalSection(ProjectConfigurationPlatforms) = postSolution
		{F68AFF19-7E20-4C3A-8EC7-A0DD50EC2508}.Debug|Any CPU.ActiveCfg = Debug|Any CPU
		{F68AFF19-7E20-4C3A-8EC7-A0DD50EC2508}.Debug|Any CPU.Build.0 = Debug|Any CPU
		{F68AFF19-7E20-4C3A-8EC7-A0DD50EC2508}.Release|Any CPU.ActiveCfg = Release|Any CPU
		{F68AFF19-7E20-4C3A-8EC7-A0DD50EC2508}.Release|Any CPU.Build.0 = Release|Any CPU
		{F3D22EC2-5785-485A-B3FB-56635560B1F0}.Debug|Any CPU.ActiveCfg = Debug|Any CPU
		{F3D22EC2-5785-485A-B3FB-56635560B1F0}.Debug|Any CPU.Build.0 = Debug|Any CPU
		{F3D22EC2-5785-485A-B3FB-56635560B1F0}.Release|Any CPU.ActiveCfg = Release|Any CPU
		{F3D22EC2-5785-485A-B3FB-56635560B1F0}.Release|Any CPU.Build.0 = Release|Any CPU
	EndGlobalSection
EndGlobal
